
Microsoft Visual Studio Solution File, Format Version 12.00
# Visual Studio Version 16
VisualStudioVersion = 16.0.33529.622
MinimumVisualStudioVersion = 10.0.40219.1
Project("{FAE04EC0-301F-11D3-BF4B-00C04F79EFBC}") = "Vista", "Entrega2\Vista.csproj", "{3A2A6DF8-66B3-4429-898E-821E92EA3ACC}"
EndProject
Project("{FAE04EC0-301F-11D3-BF4B-00C04F79EFBC}") = "Modelo", "Modelo\Modelo.csproj", "{AA76553B-93E2-4F88-A449-D3A1751616DE}"
EndProject
Project("{FAE04EC0-301F-11D3-BF4B-00C04F79EFBC}") = "Controlador", "Controlador\Controlador.csproj", "{754888B8-2FB3-4FB1-BD30-0D8F01AE80ED}"
EndProject
Global
	GlobalSection(SolutionConfigurationPlatforms) = preSolution
		Debug|Any CPU = Debug|Any CPU
		Release|Any CPU = Release|Any CPU
	EndGlobalSection
	GlobalSection(ProjectConfigurationPlatforms) = postSolution
		{3A2A6DF8-66B3-4429-898E-821E92EA3ACC}.Debug|Any CPU.ActiveCfg = Debug|Any CPU
		{3A2A6DF8-66B3-4429-898E-821E92EA3ACC}.Debug|Any CPU.Build.0 = Debug|Any CPU
		{3A2A6DF8-66B3-4429-898E-821E92EA3ACC}.Release|Any CPU.ActiveCfg = Release|Any CPU
		{3A2A6DF8-66B3-4429-898E-821E92EA3ACC}.Release|Any CPU.Build.0 = Release|Any CPU
		{AA76553B-93E2-4F88-A449-D3A1751616DE}.Debug|Any CPU.ActiveCfg = Debug|Any CPU
		{AA76553B-93E2-4F88-A449-D3A1751616DE}.Debug|Any CPU.Build.0 = Debug|Any CPU
		{AA76553B-93E2-4F88-A449-D3A1751616DE}.Release|Any CPU.ActiveCfg = Release|Any CPU
		{AA76553B-93E2-4F88-A449-D3A1751616DE}.Release|Any CPU.Build.0 = Release|Any CPU
		{754888B8-2FB3-4FB1-BD30-0D8F01AE80ED}.Debug|Any CPU.ActiveCfg = Debug|Any CPU
		{754888B8-2FB3-4FB1-BD30-0D8F01AE80ED}.Debug|Any CPU.Build.0 = Debug|Any CPU
		{754888B8-2FB3-4FB1-BD30-0D8F01AE80ED}.Release|Any CPU.ActiveCfg = Release|Any CPU
		{754888B8-2FB3-4FB1-BD30-0D8F01AE80ED}.Release|Any CPU.Build.0 = Release|Any CPU
	EndGlobalSection
	GlobalSection(SolutionProperties) = preSolution
		HideSolutionNode = FALSE
	EndGlobalSection
	GlobalSection(ExtensibilityGlobals) = postSolution
		SolutionGuid = {FBCE22EF-063C-4A10-A13D-235766DCBD9D}
	EndGlobalSection
EndGlobal
